
Microsoft Visual Studio Solution File, Format Version 12.00
# Visual Studio Version 17
VisualStudioVersion = 17.5.33414.496
MinimumVisualStudioVersion = 10.0.40219.1
Project("{FAE04EC0-301F-11D3-BF4B-00C04F79EFBC}") = "TP_MOD09_1302213026", "TP_MOD09_1302213026.csproj", "{5DA3855F-A0E3-461A-B13A-C9DDC4D67DBE}"
EndProject
Global
	GlobalSection(SolutionConfigurationPlatforms) = preSolution
		Debug|Any CPU = Debug|Any CPU
		Release|Any CPU = Release|Any CPU
	EndGlobalSection
	GlobalSection(ProjectConfigurationPlatforms) = postSolution
		{5DA3855F-A0E3-461A-B13A-C9DDC4D67DBE}.Debug|Any CPU.ActiveCfg = Debug|Any CPU
		{5DA3855F-A0E3-461A-B13A-C9DDC4D67DBE}.Debug|Any CPU.Build.0 = Debug|Any CPU
		{5DA3855F-A0E3-461A-B13A-C9DDC4D67DBE}.Release|Any CPU.ActiveCfg = Release|Any CPU
		{5DA3855F-A0E3-461A-B13A-C9DDC4D67DBE}.Release|Any CPU.Build.0 = Release|Any CPU
	EndGlobalSection
	GlobalSection(SolutionProperties) = preSolution
		HideSolutionNode = FALSE
	EndGlobalSection
	GlobalSection(ExtensibilityGlobals) = postSolution
		SolutionGuid = {78C16871-E166-454A-B61D-9A6BB7C9FBE7}
	EndGlobalSection
EndGlobal
